// !$*UTF8*$!
{
	archiveVersion = 1;
	classes = {
	};
	objectVersion = 50;
	objects = {

/* Begin PBXBuildFile section */
		12F3838C26A99DF700246B3B /* AppDelegate.swift in Sources */ = {isa = PBXBuildFile; fileRef = 12F3838B26A99DF700246B3B /* AppDelegate.swift */; };
		12F3838E26A99DF700246B3B /* SceneDelegate.swift in Sources */ = {isa = PBXBuildFile; fileRef = 12F3838D26A99DF700246B3B /* SceneDelegate.swift */; };
		12F3839026A99DF700246B3B /* AuthViewController.swift in Sources */ = {isa = PBXBuildFile; fileRef = 12F3838F26A99DF700246B3B /* AuthViewController.swift */; };
		12F3839526A99DF800246B3B /* Assets.xcassets in Resources */ = {isa = PBXBuildFile; fileRef = 12F3839426A99DF800246B3B /* Assets.xcassets */; };
		12F3839826A99DF800246B3B /* LaunchScreen.storyboard in Resources */ = {isa = PBXBuildFile; fileRef = 12F3839626A99DF800246B3B /* LaunchScreen.storyboard */; };
		12F383A326A9A6F200246B3B /* UIButton+Ext.swift in Sources */ = {isa = PBXBuildFile; fileRef = 12F383A226A9A6F200246B3B /* UIButton+Ext.swift */; };
		12F383A626A9A98D00246B3B /* UIFont+Ext.swift in Sources */ = {isa = PBXBuildFile; fileRef = 12F383A526A9A98D00246B3B /* UIFont+Ext.swift */; };
		12F383A926A9AF0D00246B3B /* UILabel+Ext.swift in Sources */ = {isa = PBXBuildFile; fileRef = 12F383A826A9AF0D00246B3B /* UILabel+Ext.swift */; };
		12F383AC26A9B23000246B3B /* UIImage+Ext.swift in Sources */ = {isa = PBXBuildFile; fileRef = 12F383AB26A9B23000246B3B /* UIImage+Ext.swift */; };
		12F383B426A9B93600246B3B /* ButtonFormView.swift in Sources */ = {isa = PBXBuildFile; fileRef = 12F383B326A9B93600246B3B /* ButtonFormView.swift */; };
/* End PBXBuildFile section */

/* Begin PBXFileReference section */
		12F3838826A99DF700246B3B /* PetProject-IChat.app */ = {isa = PBXFileReference; explicitFileType = wrapper.application; includeInIndex = 0; path = "PetProject-IChat.app"; sourceTree = BUILT_PRODUCTS_DIR; };
		12F3838B26A99DF700246B3B /* AppDelegate.swift */ = {isa = PBXFileReference; lastKnownFileType = sourcecode.swift; path = AppDelegate.swift; sourceTree = "<group>"; };
		12F3838D26A99DF700246B3B /* SceneDelegate.swift */ = {isa = PBXFileReference; lastKnownFileType = sourcecode.swift; path = SceneDelegate.swift; sourceTree = "<group>"; };
		12F3838F26A99DF700246B3B /* AuthViewController.swift */ = {isa = PBXFileReference; lastKnownFileType = sourcecode.swift; path = AuthViewController.swift; sourceTree = "<group>"; };
		12F3839426A99DF800246B3B /* Assets.xcassets */ = {isa = PBXFileReference; lastKnownFileType = folder.assetcatalog; path = Assets.xcassets; sourceTree = "<group>"; };
		12F3839726A99DF800246B3B /* Base */ = {isa = PBXFileReference; lastKnownFileType = file.storyboard; name = Base; path = Base.lproj/LaunchScreen.storyboard; sourceTree = "<group>"; };
		12F3839926A99DF800246B3B /* Info.plist */ = {isa = PBXFileReference; lastKnownFileType = text.plist.xml; path = Info.plist; sourceTree = "<group>"; };
		12F383A226A9A6F200246B3B /* UIButton+Ext.swift */ = {isa = PBXFileReference; lastKnownFileType = sourcecode.swift; path = "UIButton+Ext.swift"; sourceTree = "<group>"; };
		12F383A526A9A98D00246B3B /* UIFont+Ext.swift */ = {isa = PBXFileReference; lastKnownFileType = sourcecode.swift; path = "UIFont+Ext.swift"; sourceTree = "<group>"; };
		12F383A826A9AF0D00246B3B /* UILabel+Ext.swift */ = {isa = PBXFileReference; lastKnownFileType = sourcecode.swift; path = "UILabel+Ext.swift"; sourceTree = "<group>"; };
		12F383AB26A9B23000246B3B /* UIImage+Ext.swift */ = {isa = PBXFileReference; lastKnownFileType = sourcecode.swift; path = "UIImage+Ext.swift"; sourceTree = "<group>"; };
		12F383B326A9B93600246B3B /* ButtonFormView.swift */ = {isa = PBXFileReference; lastKnownFileType = sourcecode.swift; path = ButtonFormView.swift; sourceTree = "<group>"; };
/* End PBXFileReference section */

/* Begin PBXFrameworksBuildPhase section */
		12F3838526A99DF700246B3B /* Frameworks */ = {
			isa = PBXFrameworksBuildPhase;
			buildActionMask = 2147483647;
			files = (
			);
			runOnlyForDeploymentPostprocessing = 0;
		};
/* End PBXFrameworksBuildPhase section */

/* Begin PBXGroup section */
		12F3837F26A99DF700246B3B = {
			isa = PBXGroup;
			children = (
				12F3838A26A99DF700246B3B /* PetProject-IChat */,
				12F3838926A99DF700246B3B /* Products */,
			);
			sourceTree = "<group>";
		};
		12F3838926A99DF700246B3B /* Products */ = {
			isa = PBXGroup;
			children = (
				12F3838826A99DF700246B3B /* PetProject-IChat.app */,
			);
			name = Products;
			sourceTree = "<group>";
		};
		12F3838A26A99DF700246B3B /* PetProject-IChat */ = {
			isa = PBXGroup;
			children = (
				12F3838B26A99DF700246B3B /* AppDelegate.swift */,
				12F3838D26A99DF700246B3B /* SceneDelegate.swift */,
				12F383B126A9B45000246B3B /* Extensions */,
				12F3838F26A99DF700246B3B /* AuthViewController.swift */,
				12F383B326A9B93600246B3B /* ButtonFormView.swift */,
				12F3839426A99DF800246B3B /* Assets.xcassets */,
				12F3839626A99DF800246B3B /* LaunchScreen.storyboard */,
				12F3839926A99DF800246B3B /* Info.plist */,
			);
			path = "PetProject-IChat";
			sourceTree = "<group>";
		};
		12F383AF26A9B42600246B3B /* UIKit */ = {
			isa = PBXGroup;
			children = (
				12F383A226A9A6F200246B3B /* UIButton+Ext.swift */,
				12F383A526A9A98D00246B3B /* UIFont+Ext.swift */,
				12F383AB26A9B23000246B3B /* UIImage+Ext.swift */,
				12F383A826A9AF0D00246B3B /* UILabel+Ext.swift */,
			);
			path = UIKit;
			sourceTree = "<group>";
		};
		12F383B126A9B45000246B3B /* Extensions */ = {
			isa = PBXGroup;
			children = (
				12F383AF26A9B42600246B3B /* UIKit */,
			);
			path = Extensions;
			sourceTree = "<group>";
		};
/* End PBXGroup section */

/* Begin PBXNativeTarget section */
		12F3838726A99DF700246B3B /* PetProject-IChat */ = {
			isa = PBXNativeTarget;
			buildConfigurationList = 12F3839C26A99DF800246B3B /* Build configuration list for PBXNativeTarget "PetProject-IChat" */;
			buildPhases = (
				12F3838426A99DF700246B3B /* Sources */,
				12F3838526A99DF700246B3B /* Frameworks */,
				12F3838626A99DF700246B3B /* Resources */,
			);
			buildRules = (
			);
			dependencies = (
			);
			name = "PetProject-IChat";
			productName = "PetProject-IChat";
			productReference = 12F3838826A99DF700246B3B /* PetProject-IChat.app */;
			productType = "com.apple.product-type.application";
		};
/* End PBXNativeTarget section */

/* Begin PBXProject section */
		12F3838026A99DF700246B3B /* Project object */ = {
			isa = PBXProject;
			attributes = {
				LastSwiftUpdateCheck = 1230;
				LastUpgradeCheck = 1230;
				TargetAttributes = {
					12F3838726A99DF700246B3B = {
						CreatedOnToolsVersion = 12.3;
					};
				};
			};
			buildConfigurationList = 12F3838326A99DF700246B3B /* Build configuration list for PBXProject "PetProject-IChat" */;
			compatibilityVersion = "Xcode 9.3";
			developmentRegion = en;
			hasScannedForEncodings = 0;
			knownRegions = (
				en,
				Base,
			);
			mainGroup = 12F3837F26A99DF700246B3B;
			productRefGroup = 12F3838926A99DF700246B3B /* Products */;
			projectDirPath = "";
			projectRoot = "";
			targets = (
				12F3838726A99DF700246B3B /* PetProject-IChat */,
			);
		};
/* End PBXProject section */

/* Begin PBXResourcesBuildPhase section */
		12F3838626A99DF700246B3B /* Resources */ = {
			isa = PBXResourcesBuildPhase;
			buildActionMask = 2147483647;
			files = (
				12F3839826A99DF800246B3B /* LaunchScreen.storyboard in Resources */,
				12F3839526A99DF800246B3B /* Assets.xcassets in Resources */,
			);
			runOnlyForDeploymentPostprocessing = 0;
		};
/* End PBXResourcesBuildPhase section */

/* Begin PBXSourcesBuildPhase section */
		12F3838426A99DF700246B3B /* Sources */ = {
			isa = PBXSourcesBuildPhase;
			buildActionMask = 2147483647;
			files = (
				12F383AC26A9B23000246B3B /* UIImage+Ext.swift in Sources */,
				12F3839026A99DF700246B3B /* AuthViewController.swift in Sources */,
				12F383B426A9B93600246B3B /* ButtonFormView.swift in Sources */,
				12F3838C26A99DF700246B3B /* AppDelegate.swift in Sources */,
				12F3838E26A99DF700246B3B /* SceneDelegate.swift in Sources */,
				12F383A326A9A6F200246B3B /* UIButton+Ext.swift in Sources */,
				12F383A926A9AF0D00246B3B /* UILabel+Ext.swift in Sources */,
				12F383A626A9A98D00246B3B /* UIFont+Ext.swift in Sources */,
			);
			runOnlyForDeploymentPostprocessing = 0;
		};
/* End PBXSourcesBuildPhase section */

/* Begin PBXVariantGroup section */
		12F3839626A99DF800246B3B /* LaunchScreen.storyboard */ = {
			isa = PBXVariantGroup;
			children = (
				12F3839726A99DF800246B3B /* Base */,
			);
			name = LaunchScreen.storyboard;
			sourceTree = "<group>";
		};
/* End PBXVariantGroup section */

/* Begin XCBuildConfiguration section */
		12F3839A26A99DF800246B3B /* Debug */ = {
			isa = XCBuildConfiguration;
			buildSettings = {
				ALWAYS_SEARCH_USER_PATHS = NO;
				CLANG_ANALYZER_NONNULL = YES;
				CLANG_ANALYZER_NUMBER_OBJECT_CONVERSION = YES_AGGRESSIVE;
				CLANG_CXX_LANGUAGE_STANDARD = "gnu++14";
				CLANG_CXX_LIBRARY = "libc++";
				CLANG_ENABLE_MODULES = YES;
				CLANG_ENABLE_OBJC_ARC = YES;
				CLANG_ENABLE_OBJC_WEAK = YES;
				CLANG_WARN_BLOCK_CAPTURE_AUTORELEASING = YES;
				CLANG_WARN_BOOL_CONVERSION = YES;
				CLANG_WARN_COMMA = YES;
				CLANG_WARN_CONSTANT_CONVERSION = YES;
				CLANG_WARN_DEPRECATED_OBJC_IMPLEMENTATIONS = YES;
				CLANG_WARN_DIRECT_OBJC_ISA_USAGE = YES_ERROR;
				CLANG_WARN_DOCUMENTATION_COMMENTS = YES;
				CLANG_WARN_EMPTY_BODY = YES;
				CLANG_WARN_ENUM_CONVERSION = YES;
				CLANG_WARN_INFINITE_RECURSION = YES;
				CLANG_WARN_INT_CONVERSION = YES;
				CLANG_WARN_NON_LITERAL_NULL_CONVERSION = YES;
				CLANG_WARN_OBJC_IMPLICIT_RETAIN_SELF = YES;
				CLANG_WARN_OBJC_LITERAL_CONVERSION = YES;
				CLANG_WARN_OBJC_ROOT_CLASS = YES_ERROR;
				CLANG_WARN_QUOTED_INCLUDE_IN_FRAMEWORK_HEADER = YES;
				CLANG_WARN_RANGE_LOOP_ANALYSIS = YES;
				CLANG_WARN_STRICT_PROTOTYPES = YES;
				CLANG_WARN_SUSPICIOUS_MOVE = YES;
				CLANG_WARN_UNGUARDED_AVAILABILITY = YES_AGGRESSIVE;
				CLANG_WARN_UNREACHABLE_CODE = YES;
				CLANG_WARN__DUPLICATE_METHOD_MATCH = YES;
				COPY_PHASE_STRIP = NO;
				DEBUG_INFORMATION_FORMAT = dwarf;
				ENABLE_STRICT_OBJC_MSGSEND = YES;
				ENABLE_TESTABILITY = YES;
				GCC_C_LANGUAGE_STANDARD = gnu11;
				GCC_DYNAMIC_NO_PIC = NO;
				GCC_NO_COMMON_BLOCKS = YES;
				GCC_OPTIMIZATION_LEVEL = 0;
				GCC_PREPROCESSOR_DEFINITIONS = (
					"DEBUG=1",
					"$(inherited)",
				);
				GCC_WARN_64_TO_32_BIT_CONVERSION = YES;
				GCC_WARN_ABOUT_RETURN_TYPE = YES_ERROR;
				GCC_WARN_UNDECLARED_SELECTOR = YES;
				GCC_WARN_UNINITIALIZED_AUTOS = YES_AGGRESSIVE;
				GCC_WARN_UNUSED_FUNCTION = YES;
				GCC_WARN_UNUSED_VARIABLE = YES;
				IPHONEOS_DEPLOYMENT_TARGET = 14.3;
				MTL_ENABLE_DEBUG_INFO = INCLUDE_SOURCE;
				MTL_FAST_MATH = YES;
				ONLY_ACTIVE_ARCH = YES;
				SDKROOT = iphoneos;
				SWIFT_ACTIVE_COMPILATION_CONDITIONS = DEBUG;
				SWIFT_OPTIMIZATION_LEVEL = "-Onone";
			};
			name = Debug;
		};
		12F3839B26A99DF800246B3B /* Release */ = {
			isa = XCBuildConfiguration;
			buildSettings = {
				ALWAYS_SEARCH_USER_PATHS = NO;
				CLANG_ANALYZER_NONNULL = YES;
				CLANG_ANALYZER_NUMBER_OBJECT_CONVERSION = YES_AGGRESSIVE;
				CLANG_CXX_LANGUAGE_STANDARD = "gnu++14";
				CLANG_CXX_LIBRARY = "libc++";
				CLANG_ENABLE_MODULES = YES;
				CLANG_ENABLE_OBJC_ARC = YES;
				CLANG_ENABLE_OBJC_WEAK = YES;
				CLANG_WARN_BLOCK_CAPTURE_AUTORELEASING = YES;
				CLANG_WARN_BOOL_CONVERSION = YES;
				CLANG_WARN_COMMA = YES;
				CLANG_WARN_CONSTANT_CONVERSION = YES;
				CLANG_WARN_DEPRECATED_OBJC_IMPLEMENTATIONS = YES;
				CLANG_WARN_DIRECT_OBJC_ISA_USAGE = YES_ERROR;
				CLANG_WARN_DOCUMENTATION_COMMENTS = YES;
				CLANG_WARN_EMPTY_BODY = YES;
				CLANG_WARN_ENUM_CONVERSION = YES;
				CLANG_WARN_INFINITE_RECURSION = YES;
				CLANG_WARN_INT_CONVERSION = YES;
				CLANG_WARN_NON_LITERAL_NULL_CONVERSION = YES;
				CLANG_WARN_OBJC_IMPLICIT_RETAIN_SELF = YES;
				CLANG_WARN_OBJC_LITERAL_CONVERSION = YES;
				CLANG_WARN_OBJC_ROOT_CLASS = YES_ERROR;
				CLANG_WARN_QUOTED_INCLUDE_IN_FRAMEWORK_HEADER = YES;
				CLANG_WARN_RANGE_LOOP_ANALYSIS = YES;
				CLANG_WARN_STRICT_PROTOTYPES = YES;
				CLANG_WARN_SUSPICIOUS_MOVE = YES;
				CLANG_WARN_UNGUARDED_AVAILABILITY = YES_AGGRESSIVE;
				CLANG_WARN_UNREACHABLE_CODE = YES;
				CLANG_WARN__DUPLICATE_METHOD_MATCH = YES;
				COPY_PHASE_STRIP = NO;
				DEBUG_INFORMATION_FORMAT = "dwarf-with-dsym";
				ENABLE_NS_ASSERTIONS = NO;
				ENABLE_STRICT_OBJC_MSGSEND = YES;
				GCC_C_LANGUAGE_STANDARD = gnu11;
				GCC_NO_COMMON_BLOCKS = YES;
				GCC_WARN_64_TO_32_BIT_CONVERSION = YES;
				GCC_WARN_ABOUT_RETURN_TYPE = YES_ERROR;
				GCC_WARN_UNDECLARED_SELECTOR = YES;
				GCC_WARN_UNINITIALIZED_AUTOS = YES_AGGRESSIVE;
				GCC_WARN_UNUSED_FUNCTION = YES;
				GCC_WARN_UNUSED_VARIABLE = YES;
				IPHONEOS_DEPLOYMENT_TARGET = 14.3;
				MTL_ENABLE_DEBUG_INFO = NO;
				MTL_FAST_MATH = YES;
				SDKROOT = iphoneos;
				SWIFT_COMPILATION_MODE = wholemodule;
				SWIFT_OPTIMIZATION_LEVEL = "-O";
				VALIDATE_PRODUCT = YES;
			};
			name = Release;
		};
		12F3839D26A99DF800246B3B /* Debug */ = {
			isa = XCBuildConfiguration;
			buildSettings = {
				ASSETCATALOG_COMPILER_APPICON_NAME = AppIcon;
				ASSETCATALOG_COMPILER_GLOBAL_ACCENT_COLOR_NAME = AccentColor;
				CODE_SIGN_STYLE = Automatic;
				DEVELOPMENT_TEAM = 374UZ6VU7W;
				INFOPLIST_FILE = "PetProject-IChat/Info.plist";
				LD_RUNPATH_SEARCH_PATHS = (
					"$(inherited)",
					"@executable_path/Frameworks",
				);
				PRODUCT_BUNDLE_IDENTIFIER = "MaxConrad.PetProject-IChat";
				PRODUCT_NAME = "$(TARGET_NAME)";
				SWIFT_VERSION = 5.0;
				TARGETED_DEVICE_FAMILY = "1,2";
			};
			name = Debug;
		};
		12F3839E26A99DF800246B3B /* Release */ = {
			isa = XCBuildConfiguration;
			buildSettings = {
				ASSETCATALOG_COMPILER_APPICON_NAME = AppIcon;
				ASSETCATALOG_COMPILER_GLOBAL_ACCENT_COLOR_NAME = AccentColor;
				CODE_SIGN_STYLE = Automatic;
				DEVELOPMENT_TEAM = 374UZ6VU7W;
				INFOPLIST_FILE = "PetProject-IChat/Info.plist";
				LD_RUNPATH_SEARCH_PATHS = (
					"$(inherited)",
					"@executable_path/Frameworks",
				);
				PRODUCT_BUNDLE_IDENTIFIER = "MaxConrad.PetProject-IChat";
				PRODUCT_NAME = "$(TARGET_NAME)";
				SWIFT_VERSION = 5.0;
				TARGETED_DEVICE_FAMILY = "1,2";
			};
			name = Release;
		};
/* End XCBuildConfiguration section */

/* Begin XCConfigurationList section */
		12F3838326A99DF700246B3B /* Build configuration list for PBXProject "PetProject-IChat" */ = {
			isa = XCConfigurationList;
			buildConfigurations = (
				12F3839A26A99DF800246B3B /* Debug */,
				12F3839B26A99DF800246B3B /* Release */,
			);
			defaultConfigurationIsVisible = 0;
			defaultConfigurationName = Release;
		};
		12F3839C26A99DF800246B3B /* Build configuration list for PBXNativeTarget "PetProject-IChat" */ = {
			isa = XCConfigurationList;
			buildConfigurations = (
				12F3839D26A99DF800246B3B /* Debug */,
				12F3839E26A99DF800246B3B /* Release */,
			);
			defaultConfigurationIsVisible = 0;
			defaultConfigurationName = Release;
		};
/* End XCConfigurationList section */
	};
	rootObject = 12F3838026A99DF700246B3B /* Project object */;
}
